
Microsoft Visual Studio Solution File, Format Version 12.00
# Visual Studio Version 17
VisualStudioVersion = 17.11.35222.181
MinimumVisualStudioVersion = 10.0.40219.1
Project("{FAE04EC0-301F-11D3-BF4B-00C04F79EFBC}") = "InTouch.NotificationService", "InTouch.NotificationService\InTouch.NotificationService.csproj", "{1A63E382-AD73-47AC-9899-0038090EB113}"
EndProject
Project("{FAE04EC0-301F-11D3-BF4B-00C04F79EFBC}") = "InTouch.Notification", "InTouch.Notification\InTouch.Notification.csproj", "{9DF342F3-EACE-4697-B612-B82854FC832A}"
EndProject
Global
	GlobalSection(SolutionConfigurationPlatforms) = preSolution
		Debug|Any CPU = Debug|Any CPU
		Release|Any CPU = Release|Any CPU
	EndGlobalSection
	GlobalSection(ProjectConfigurationPlatforms) = postSolution
		{1A63E382-AD73-47AC-9899-0038090EB113}.Debug|Any CPU.ActiveCfg = Debug|Any CPU
		{1A63E382-AD73-47AC-9899-0038090EB113}.Debug|Any CPU.Build.0 = Debug|Any CPU
		{1A63E382-AD73-47AC-9899-0038090EB113}.Release|Any CPU.ActiveCfg = Release|Any CPU
		{1A63E382-AD73-47AC-9899-0038090EB113}.Release|Any CPU.Build.0 = Release|Any CPU
		{9DF342F3-EACE-4697-B612-B82854FC832A}.Debug|Any CPU.ActiveCfg = Debug|Any CPU
		{9DF342F3-EACE-4697-B612-B82854FC832A}.Debug|Any CPU.Build.0 = Debug|Any CPU
		{9DF342F3-EACE-4697-B612-B82854FC832A}.Release|Any CPU.ActiveCfg = Release|Any CPU
		{9DF342F3-EACE-4697-B612-B82854FC832A}.Release|Any CPU.Build.0 = Release|Any CPU
	EndGlobalSection
	GlobalSection(SolutionProperties) = preSolution
		HideSolutionNode = FALSE
	EndGlobalSection
	GlobalSection(ExtensibilityGlobals) = postSolution
		SolutionGuid = {A970C8BE-95D1-4269-A154-9C067111A16F}
	EndGlobalSection
EndGlobal
